
Microsoft Visual Studio Solution File, Format Version 12.00
# Visual Studio 14
VisualStudioVersion = 14.0.25420.1
MinimumVisualStudioVersion = 10.0.40219.1
Project("{FAE04EC0-301F-11D3-BF4B-00C04F79EFBC}") = "HippieTamTam", "HippieTamTam\HippieTamTam.csproj", "{3201122C-DE83-40B4-86AC-82CAFD45CD0D}"
EndProject
Project("{FAE04EC0-301F-11D3-BF4B-00C04F79EFBC}") = "HippieTamTam.Tests", "HippieTamTam.Tests\HippieTamTam.Tests.csproj", "{10A65C44-8691-4799-A0F4-3977F18AEA1A}"
EndProject
Global
	GlobalSection(SolutionConfigurationPlatforms) = preSolution
		Debug|Any CPU = Debug|Any CPU
		Release|Any CPU = Release|Any CPU
	EndGlobalSection
	GlobalSection(ProjectConfigurationPlatforms) = postSolution
		{3201122C-DE83-40B4-86AC-82CAFD45CD0D}.Debug|Any CPU.ActiveCfg = Debug|Any CPU
		{3201122C-DE83-40B4-86AC-82CAFD45CD0D}.Debug|Any CPU.Build.0 = Debug|Any CPU
		{3201122C-DE83-40B4-86AC-82CAFD45CD0D}.Release|Any CPU.ActiveCfg = Release|Any CPU
		{3201122C-DE83-40B4-86AC-82CAFD45CD0D}.Release|Any CPU.Build.0 = Release|Any CPU
		{10A65C44-8691-4799-A0F4-3977F18AEA1A}.Debug|Any CPU.ActiveCfg = Debug|Any CPU
		{10A65C44-8691-4799-A0F4-3977F18AEA1A}.Debug|Any CPU.Build.0 = Debug|Any CPU
		{10A65C44-8691-4799-A0F4-3977F18AEA1A}.Release|Any CPU.ActiveCfg = Release|Any CPU
		{10A65C44-8691-4799-A0F4-3977F18AEA1A}.Release|Any CPU.Build.0 = Release|Any CPU
	EndGlobalSection
	GlobalSection(SolutionProperties) = preSolution
		HideSolutionNode = FALSE
	EndGlobalSection
EndGlobal
